{
  "keys": {
    "batch_address-append_40_10.key": {
      "sha256": "589c90ea00bc771e7b61c28c20290c4dfaa9a33790d7231261d7bbe621459843",
      "size": 136666912
    },
    "batch_address-append_40_250.key": {
      "sha256": "aacd3c81c4681acf0eb21e395df4f566738412da158153b1dee7ac83219dc425",
      "size": 3752013184
    },
    "custom_ring_base.key": {
      "sha256": "841ded3769cd7a0be089eb9d54d6a8aeaf26c792bfbbacb16158448f698d2003",
      "size": 58012883,
      "source": "release"
    },
    "custom_ring_policy.key": {
      "sha256": "be884b9fc2d867b9ae196ca6feaa77b0e17efa0b869567ff8cfa9bf8e19b21a5",
      "size": 145691406,
      "source": "release"
    },
    "merge_36_1.key": {
      "sha256": "60c357e8513b9e5d354900929980d1e8d3e132d6db67c50f68b5616630cf58a0",
      "size": 240902581
    },
    "merge_8_1.key": {
      "sha256": "3df1cc825e4c949aaa605c283fd232f7a2d2901b73d480f36289c96207a39277",
      "size": 55581866
    },
    "merge_ring_36_1.key": {
      "sha256": "d7cf47f5465f1f266d9532029cd03da75ba84883b3ad60c721d94f8d106467b0",
      "size": 240654443
    },
    "merge_ring_8_1.key": {
      "sha256": "68b11bc4da54b9655837a50adde4e5ea59737b273bdf605cbde0e7fb7e6eea9e",
      "size": 55528134
    },
    "transfer_confidential_1_1.key": {
      "sha256": "73218c4b3c0c037c759045e1d869bb6c03a2ec0bd42b7484a89f201218fb2894",
      "size": 8527147
    },
    "transfer_confidential_1_2.key": {
      "sha256": "df4638482f6f9f1f6a4093a8db26954422dd2458ddc07e22035b304304425cff",
      "size": 9220650
    },
    "transfer_confidential_1_8.key": {
      "sha256": "a24cec1f0311ecf51446f334ed30e6867a35ec38a175ff55cdd1221ae469d3df",
      "size": 13407440
    },
    "transfer_confidential_2_2.key": {
      "sha256": "a1c9e85be75d229e7b53fbd734a036275e0c5f2077ffb2a78c43fc7d27e9d973",
      "size": 16305885
    },
    "transfer_confidential_2_3.key": {
      "sha256": "55bc6b864955505d443f69a6c7ccde982ac4df75a2a48989611f41cd4475f9ed",
      "size": 16740803
    },
    "transfer_confidential_36_2.key": {
      "sha256": "7a71b3229aa0eb02a86715139ddd2e32a0c72f0937a5f505b89a3559e8be24f4",
      "size": 247055998
    },
    "transfer_confidential_3_3.key": {
      "sha256": "28ed75cfd3251203438400b5e4b699299d1b73f5d72ae7c83a826626b5b9d1da",
      "size": 24618047
    },
    "transfer_confidential_4_3.key": {
      "sha256": "b3ebc584080de36c04a22a2d063e519aafb36215eb8da9d3a80310d041b856e8",
      "size": 30396852
    },
    "transfer_confidential_4_4.key": {
      "sha256": "bc743e88a2379248ec969843ee01ebb13067d1c906cbeb50e1d42b30708cb30f",
      "size": 30835687
    },
    "transfer_confidential_5_3.key": {
      "sha256": "739071e10e0f4221b3a2de617415c928f70c0ababebd9c022169bfb8beaf9a49",
      "size": 36447218
    },
    "transfer_confidential_5_4.key": {
      "sha256": "3af6b0370c06f0979987256b80e171a1a45a0dfbbca687a30187f2052191ff13",
      "size": 36885061
    },
    "transfer_p256_ring_1_1.key": {
      "sha256": "599382ec7d10219c4b09c0f37547002270f7f462426434035adfa120d5299e45",
      "size": 53793062
    },
    "transfer_p256_ring_1_2.key": {
      "sha256": "6cf2b03cedeeef9584e8c6ddca1858196473304bf1c5914f128a40e54ce2ed41",
      "size": 54549428
    },
    "transfer_p256_ring_1_8.key": {
      "sha256": "0693e9a9d7668de5b27b734425ee7a23646f1a76c2e5dfea3e4aa7801a496475",
      "size": 57952182
    },
    "transfer_p256_ring_2_2.key": {
      "sha256": "a42906b64c5bc9e7f043dd431aee2368c35d27c4e79aebd06485ba805a203971",
      "size": 60959295
    },
    "transfer_p256_ring_2_3.key": {
      "sha256": "9e25a3725fe9d03afd49c1660f464090d5b650d4c70cf50e2199c295cabbff68",
      "size": 61428598
    },
    "transfer_p256_ring_36_2.key": {
      "sha256": "0d5894638f3adf147a05cdc835b9e01684f4b1dc376e29f883b0122acdf8fb66",
      "size": 297118268
    },
    "transfer_p256_ring_3_3.key": {
      "sha256": "6bd53d7b955d5c443d2984325b342cb29b50396f94d0e08204b5468a6157b351",
      "size": 67546660
    },
    "transfer_p256_ring_4_3.key": {
      "sha256": "4d31320fdb3736aca19bb55aab79a4ba1105375571c698dd20c24911b0573028",
      "size": 73665592
    },
    "transfer_p256_ring_4_4.key": {
      "sha256": "746c17e021085beb1bc16adf26eacc41cd2dc849911bc206d83126a71a176c04",
      "size": 74138508
    },
    "transfer_p256_ring_5_3.key": {
      "sha256": "7563ab7dd50282b873da3a40b69df023bd141f625ffaf588d08900a048383c00",
      "size": 88459914
    },
    "transfer_p256_ring_5_4.key": {
      "sha256": "cb0db062416b11a55329c9de4028af952901f47595d7c5287ed6a42e80e6286b",
      "size": 88933827
    },
    "transfer_ring_1_1.key": {
      "sha256": "e459a85334d751b4b8783e1d948289825ac610d301673826dd4e56f8489de334",
      "size": 8534829
    },
    "transfer_ring_1_2.key": {
      "sha256": "7f8f51f3d81b0bc799486c426cbb119b821a47dfe408ac5c7b268d9a6ef54931",
      "size": 9231839
    },
    "transfer_ring_1_8.key": {
      "sha256": "11546caa62f2a49381e9035e4e841e14acd3a977627fd6e3e44081d281856b67",
      "size": 13445522
    },
    "transfer_ring_2_2.key": {
      "sha256": "a4e61869d9682f2113a92d731e3058fec140d1759f8907aaf6bbbe4aee326216",
      "size": 16320040
    },
    "transfer_ring_2_3.key": {
      "sha256": "456b9084b3c4ad3daf946bed738103363299e0c4bcbb739ac998c3ab99a0eaf1",
      "size": 16761011
    },
    "transfer_ring_36_2.key": {
      "sha256": "22a3baab6a4896538cc1e2528c7e30e5b3ac6bcbe9474fa86401be2f75e0ad16",
      "size": 247143564
    },
    "transfer_ring_3_3.key": {
      "sha256": "d8d62501a3dc8ee22564a673de9f88862eb3c2e254151be097c5895da986041f",
      "size": 24636213
    },
    "transfer_ring_4_3.key": {
      "sha256": "7e6e5ae3bac2bb5f09e61e283717479c34a27b66fe3bdc4e0fa112f61997461a",
      "size": 30421478
    },
    "transfer_ring_4_4.key": {
      "sha256": "d397ffeccd4004315a5a669ab590781ddbc2b74efd9029251a6bbaf042e354ef",
      "size": 30862443
    },
    "transfer_ring_5_3.key": {
      "sha256": "87efa4b173667ddff52693c5373d6402f4c654b9096ea506552bc601505e2412",
      "size": 36469968
    },
    "transfer_ring_5_4.key": {
      "sha256": "966958961f066b81d461848fa8f9c4a21a8a86a9a6b52240da514a14a7c12c4e",
      "size": 36912723
    },
    "transfer_ring_authority_1_1.key": {
      "sha256": "03493e06812091add92abdd8117bbfcfd376951f3c63cca7f2786fca8d3923ec",
      "size": 8408007
    },
    "transfer_ring_authority_2_2.key": {
      "sha256": "5343ca34d6ddd3f189b005ce8de5124944ff91ccde1fb14eba27939ebf91d65a",
      "size": 15981806
    },
    "transfer_ring_authority_3_3.key": {
      "sha256": "a45b5c13fa972cf5b87681a23d1e479fa3e041dd12beb58e121de1a070aac780",
      "size": 24192489
    },
    "transfer_ring_authority_4_4.key": {
      "sha256": "d8d43f37cbe8e2ab053122f5039253c9222f2e698e0bb2c30746772a17f56870",
      "size": 30333212
    }
  },
  "prefix": "proving-keys/7765d8fa45c5416c"
}
